#
# This file is autogenerated by pip-compile with Python 3.12
# by the following command:
#
#    pip-compile --allow-unsafe --extra=quality --extra=testing --output-file=requirements.lock --strip-extras pyproject.toml
#
aiofiles==25.1.0
    # via python-keycloak
anyio==4.14.2
    # via httpx
bandit==1.9.4
    # via alirpunkto (pyproject.toml)
bcrypt==5.0.0
    # via alirpunkto (pyproject.toml)
beaker==1.14.1
    # via pyramid-beaker
beautifulsoup4==4.15.0
    # via webtest
boolean-py==5.0
    # via license-expression
btrees==6.4
    # via zodb
cachecontrol==0.14.4
    # via
    #   cachecontrol
    #   pip-audit
certifi==2026.7.22
    # via
    #   httpcore
    #   httpx
    #   requests
cffi==2.1.0
    # via
    #   cryptography
    #   persistent
chameleon==4.6.0
    # via
    #   deform
    #   pyramid-chameleon
charset-normalizer==3.4.9
    # via requests
colander==2.0
    # via deform
coverage==7.15.2
    # via pytest-cov
cryptography==48.0.1
    # via
    #   alirpunkto (pyproject.toml)
    #   jwcrypto
cyclonedx-python-lib==11.11.0
    # via pip-audit
deform==3.0.1
    # via alirpunkto (pyproject.toml)
defusedxml==0.7.1
    # via py-serializable
deprecation==2.1.0
    # via python-keycloak
filelock==3.32.2
    # via cachecontrol
h11==0.16.0
    # via httpcore
httpcore==1.0.9
    # via httpx
httpx==0.28.1
    # via python-keycloak
hupper==1.12.1
    # via pyramid
idna==3.18
    # via
    #   anyio
    #   httpx
    #   requests
iniconfig==2.3.0
    # via pytest
iso8601==2.1.0
    # via
    #   colander
    #   deform
jwcrypto==1.5.8
    # via python-keycloak
ldap3==2.9.1
    # via alirpunkto (pyproject.toml)
librt==0.13.0
    # via mypy
license-expression==30.4.4
    # via cyclonedx-python-lib
mako==1.3.12
    # via pyramid-mako
markdown-it-py==4.2.0
    # via rich
markupsafe==3.0.3
    # via mako
mdurl==0.1.2
    # via markdown-it-py
msgpack==1.2.1
    # via cachecontrol
mypy==1.20.2
    # via alirpunkto (pyproject.toml)
mypy-extensions==1.1.0
    # via mypy
packageurl-python==0.17.6
    # via cyclonedx-python-lib
packaging==26.2
    # via
    #   deprecation
    #   pip-audit
    #   pip-requirements-parser
    #   pytest
pastedeploy==3.1.0
    # via plaster-pastedeploy
pathspec==1.1.1
    # via mypy
peppercorn==0.6
    # via deform
persistent==6.7
    # via
    #   btrees
    #   zeo
    #   zodb
pip-api==0.0.34
    # via pip-audit
pip-audit==2.10.1
    # via alirpunkto (pyproject.toml)
pip-requirements-parser==32.0.1
    # via pip-audit
plaster==1.1.2
    # via
    #   plaster-pastedeploy
    #   pyramid
plaster-pastedeploy==1.0.1
    # via
    #   alirpunkto (pyproject.toml)
    #   pyramid
platformdirs==4.11.0
    # via pip-audit
pluggy==1.6.0
    # via
    #   pytest
    #   pytest-cov
py-serializable==2.1.0
    # via cyclonedx-python-lib
py3dns==4.0.2
    # via alirpunkto (pyproject.toml)
pyasn1==0.6.4
    # via ldap3
pycparser==3.0
    # via cffi
pygments==2.20.0
    # via
    #   pyramid-debugtoolbar
    #   pytest
    #   rich
pyjwt==2.13.0
    # via alirpunkto (pyproject.toml)
pyparsing==3.3.2
    # via pip-requirements-parser
pyramid==2.1
    # via
    #   alirpunkto (pyproject.toml)
    #   pyramid-beaker
    #   pyramid-chameleon
    #   pyramid-debugtoolbar
    #   pyramid-handlers
    #   pyramid-mailer
    #   pyramid-mako
    #   pyramid-retry
    #   pyramid-tm
    #   pyramid-zodbconn
pyramid-beaker==0.9
    # via alirpunkto (pyproject.toml)
pyramid-chameleon==0.3
    # via alirpunkto (pyproject.toml)
pyramid-debugtoolbar==4.12.1
    # via alirpunkto (pyproject.toml)
pyramid-handlers==0.5
    # via alirpunkto (pyproject.toml)
pyramid-mailer==0.15.1
    # via alirpunkto (pyproject.toml)
pyramid-mako==1.1.0
    # via pyramid-debugtoolbar
pyramid-retry==2.1.1
    # via alirpunkto (pyproject.toml)
pyramid-tm==2.6
    # via alirpunkto (pyproject.toml)
pyramid-zodbconn==0.8.1
    # via alirpunkto (pyproject.toml)
pytest==9.1.1
    # via
    #   alirpunkto (pyproject.toml)
    #   pytest-cov
pytest-cov==7.1.0
    # via alirpunkto (pyproject.toml)
python-dotenv==1.2.2
    # via alirpunkto (pyproject.toml)
python-keycloak==7.1.1
    # via alirpunkto (pyproject.toml)
pytz==2026.3.post1
    # via alirpunkto (pyproject.toml)
pyyaml==6.0.3
    # via bandit
repoze-sendmail==4.5
    # via pyramid-mailer
requests==2.34.2
    # via
    #   alirpunkto (pyproject.toml)
    #   cachecontrol
    #   pip-audit
    #   python-keycloak
    #   requests-toolbelt
requests-toolbelt==1.0.0
    # via python-keycloak
rich==15.0.0
    # via
    #   bandit
    #   pip-audit
ruff==0.16.1
    # via alirpunkto (pyproject.toml)
sortedcontainers==2.4.0
    # via cyclonedx-python-lib
soupsieve==2.9.1
    # via beautifulsoup4
stevedore==5.9.0
    # via bandit
tomli==2.4.1
    # via pip-audit
tomli-w==1.2.0
    # via pip-audit
transaction==5.1
    # via
    #   alirpunkto (pyproject.toml)
    #   pyramid-mailer
    #   pyramid-tm
    #   zeo
    #   zodb
translationstring==1.4
    # via
    #   colander
    #   deform
    #   pyramid
typing-extensions==4.16.0
    # via
    #   anyio
    #   beautifulsoup4
    #   cyclonedx-python-lib
    #   jwcrypto
    #   mypy
urllib3==2.7.0
    # via requests
validate-email==1.3
    # via alirpunkto (pyproject.toml)
venusian==3.1.1
    # via pyramid
waitress==3.0.2
    # via
    #   alirpunkto (pyproject.toml)
    #   webtest
webob==1.8.10
    # via
    #   pyramid
    #   webtest
webtest==3.0.7
    # via alirpunkto (pyproject.toml)
zc-lockfile==4.0
    # via
    #   zeo
    #   zodb
zconfig==4.3
    # via
    #   zdaemon
    #   zeo
    #   zodb
    #   zodburi
zdaemon==5.2.1
    # via zeo
zeo==6.2
    # via zodburi
zodb==6.3
    # via
    #   alirpunkto (pyproject.toml)
    #   zeo
    #   zodburi
zodbpickle==4.4
    # via zodb
zodburi==3.0.0
    # via pyramid-zodbconn
zope-deferredimport==6.1.1
    # via persistent
zope-deprecation==6.0
    # via
    #   deform
    #   pyramid
zope-interface==8.5
    # via
    #   btrees
    #   persistent
    #   pyramid
    #   pyramid-retry
    #   transaction
    #   zeo
    #   zodb
    #   zope-proxy
zope-proxy==7.2
    # via zope-deferredimport

# The following packages are considered to be unsafe in a requirements file:
pip==26.2
    # via pip-api
setuptools==80.10.2
    # via
    #   deform
    #   pyramid
    #   zc-lockfile
    #   zope-deprecation
